
Microsoft Visual Studio Solution File, Format Version 12.00
# Visual Studio 2013
VisualStudioVersion = 12.0.30110.0
MinimumVisualStudioVersion = 10.0.40219.1
Project("{FAE04EC0-301F-11D3-BF4B-00C04F79EFBC}") = "angello", "angello\angello.csproj", "{93245E73-A051-4CE5-B195-CDA38B6AC425}"
EndProject
Project("{FAE04EC0-301F-11D3-BF4B-00C04F79EFBC}") = "angello.Tests", "angello.Tests\angello.Tests.csproj", "{29F41C75-27EC-49C4-BBA9-E0D1D65C740D}"
EndProject
Project("{2150E333-8FDC-42A3-9474-1A3956D46DE8}") = "PublishScripts", "PublishScripts", "{22C311CE-E838-446F-81CB-1B3E8C375736}"
	ProjectSection(SolutionItems) = preProject
		PublishScripts\AzureWebAppPublishModule.psm1 = PublishScripts\AzureWebAppPublishModule.psm1
		PublishScripts\Publish-WebApplication.ps1 = PublishScripts\Publish-WebApplication.ps1
	EndProjectSection
EndProject
Project("{2150E333-8FDC-42A3-9474-1A3956D46DE8}") = "Configurations", "Configurations", "{43275310-D9F6-4E43-B92B-F90090CFF1CF}"
	ProjectSection(SolutionItems) = preProject
		PublishScripts\Configurations\angello-WAWS-dev.json = PublishScripts\Configurations\angello-WAWS-dev.json
	EndProjectSection
EndProject
Global
	GlobalSection(SolutionConfigurationPlatforms) = preSolution
		Debug|Any CPU = Debug|Any CPU
		Release|Any CPU = Release|Any CPU
	EndGlobalSection
	GlobalSection(ProjectConfigurationPlatforms) = postSolution
		{93245E73-A051-4CE5-B195-CDA38B6AC425}.Debug|Any CPU.ActiveCfg = Debug|Any CPU
		{93245E73-A051-4CE5-B195-CDA38B6AC425}.Debug|Any CPU.Build.0 = Debug|Any CPU
		{93245E73-A051-4CE5-B195-CDA38B6AC425}.Release|Any CPU.ActiveCfg = Release|Any CPU
		{93245E73-A051-4CE5-B195-CDA38B6AC425}.Release|Any CPU.Build.0 = Release|Any CPU
		{29F41C75-27EC-49C4-BBA9-E0D1D65C740D}.Debug|Any CPU.ActiveCfg = Debug|Any CPU
		{29F41C75-27EC-49C4-BBA9-E0D1D65C740D}.Debug|Any CPU.Build.0 = Debug|Any CPU
		{29F41C75-27EC-49C4-BBA9-E0D1D65C740D}.Release|Any CPU.ActiveCfg = Release|Any CPU
		{29F41C75-27EC-49C4-BBA9-E0D1D65C740D}.Release|Any CPU.Build.0 = Release|Any CPU
	EndGlobalSection
	GlobalSection(SolutionProperties) = preSolution
		HideSolutionNode = FALSE
	EndGlobalSection
	GlobalSection(NestedProjects) = preSolution
		{43275310-D9F6-4E43-B92B-F90090CFF1CF} = {22C311CE-E838-446F-81CB-1B3E8C375736}
	EndGlobalSection
EndGlobal
